
Microsoft Visual Studio Solution File, Format Version 12.00
# Visual Studio Version 16
VisualStudioVersion = 16.0.29911.84
MinimumVisualStudioVersion = 10.0.40219.1
Project("{9A19103F-16F7-4668-BE54-9A1E7A4F7556}") = "TestInsightureAPI", "TestInsightureAPI\TestInsightureAPI.csproj", "{D318B6B1-9B60-41E0-A97E-4199AFF89AA6}"
EndProject
Project("{2150E333-8FDC-42A3-9474-1A3956D46DE8}") = "Application", "Application", "{BE4568AC-FE7C-48E2-8D26-A86EDE05F099}"
EndProject
Project("{9A19103F-16F7-4668-BE54-9A1E7A4F7556}") = "Temprature", "Temprature\Temprature.csproj", "{15C23D11-5513-4A8F-9BC1-C1F87AB18822}"
EndProject
Project("{FAE04EC0-301F-11D3-BF4B-00C04F79EFBC}") = "InsightureTest", "InsightureTest\InsightureTest.csproj", "{23722343-35FF-4937-B49A-AAF569C09437}"
EndProject
Global
	GlobalSection(SolutionConfigurationPlatforms) = preSolution
		Debug|Any CPU = Debug|Any CPU
		Release|Any CPU = Release|Any CPU
	EndGlobalSection
	GlobalSection(ProjectConfigurationPlatforms) = postSolution
		{D318B6B1-9B60-41E0-A97E-4199AFF89AA6}.Debug|Any CPU.ActiveCfg = Debug|Any CPU
		{D318B6B1-9B60-41E0-A97E-4199AFF89AA6}.Debug|Any CPU.Build.0 = Debug|Any CPU
		{D318B6B1-9B60-41E0-A97E-4199AFF89AA6}.Release|Any CPU.ActiveCfg = Release|Any CPU
		{D318B6B1-9B60-41E0-A97E-4199AFF89AA6}.Release|Any CPU.Build.0 = Release|Any CPU
		{15C23D11-5513-4A8F-9BC1-C1F87AB18822}.Debug|Any CPU.ActiveCfg = Debug|Any CPU
		{15C23D11-5513-4A8F-9BC1-C1F87AB18822}.Debug|Any CPU.Build.0 = Debug|Any CPU
		{15C23D11-5513-4A8F-9BC1-C1F87AB18822}.Release|Any CPU.ActiveCfg = Release|Any CPU
		{15C23D11-5513-4A8F-9BC1-C1F87AB18822}.Release|Any CPU.Build.0 = Release|Any CPU
		{23722343-35FF-4937-B49A-AAF569C09437}.Debug|Any CPU.ActiveCfg = Debug|Any CPU
		{23722343-35FF-4937-B49A-AAF569C09437}.Debug|Any CPU.Build.0 = Debug|Any CPU
		{23722343-35FF-4937-B49A-AAF569C09437}.Release|Any CPU.ActiveCfg = Release|Any CPU
		{23722343-35FF-4937-B49A-AAF569C09437}.Release|Any CPU.Build.0 = Release|Any CPU
	EndGlobalSection
	GlobalSection(SolutionProperties) = preSolution
		HideSolutionNode = FALSE
	EndGlobalSection
	GlobalSection(NestedProjects) = preSolution
		{15C23D11-5513-4A8F-9BC1-C1F87AB18822} = {BE4568AC-FE7C-48E2-8D26-A86EDE05F099}
	EndGlobalSection
	GlobalSection(ExtensibilityGlobals) = postSolution
		SolutionGuid = {FD692A01-69C4-4408-B9DB-A72F035C02BC}
	EndGlobalSection
EndGlobal
